{
  "requires": true,
  "lockfileVersion": 1,
  "dependencies": {
    "@lossendae/vue-table": {
      "version": "0.1.8",
      "resolved": "https://registry.npmjs.org/@lossendae/vue-table/-/vue-table-0.1.8.tgz",
      "integrity": "sha512-8/FngV7Jv23jo6UwAMjjcbaH6cvNy7bDfwLbO4HELcwXn5AwtXdWgqVqtJAXK0vFpzgWc0IngpXexqyYt2IYqw=="
    }
  }
}
